{
  "name": "codewhale",
  "lockfileVersion": 3,
  "requires": true,
  "packages": {
    "": {
      "name": "codewhale",
      "workspaces": [
        "npm/codewhale",
        "npm/deepseek-tui",
        "npm/runtime-sdk"
      ]
    },
    "node_modules/@codewhale/runtime-sdk": {
      "resolved": "npm/runtime-sdk",
      "link": true
    },
    "node_modules/codewhale": {
      "resolved": "npm/codewhale",
      "link": true
    },
    "node_modules/deepseek-tui": {
      "resolved": "npm/deepseek-tui",
      "link": true
    },
    "node_modules/typescript": {
      "version": "5.9.3",
      "resolved": "https://registry.npmjs.org/typescript/-/typescript-5.9.3.tgz",
      "integrity": "sha512-jl1vZzPDinLr9eUt3J/t7V6FgNEw9QjvBPdysz9KfQDD41fQrC2Y4vKQdiaUpFT4bXlb1RHhLpp8wtm6M5TgSw==",
      "dev": true,
      "license": "Apache-2.0",
      "bin": {
        "tsc": "bin/tsc",
        "tsserver": "bin/tsserver"
      },
      "engines": {
        "node": ">=14.17"
      }
    },
    "npm/codewhale": {
      "version": "0.10.1",
      "funding": [
        {
          "type": "github",
          "url": "https://github.com/sponsors/Hmbown"
        },
        {
          "type": "buymeacoffee",
          "url": "https://www.buymeacoffee.com/hmbown"
        }
      ],
      "hasInstallScript": true,
      "license": "MIT",
      "bin": {
        "codew": "bin/codew.js",
        "codewhale": "bin/codewhale.js"
      },
      "engines": {
        "node": ">=18"
      }
    },
    "npm/deepseek-tui": {
      "version": "0.8.49",
      "funding": [
        {
          "type": "github",
          "url": "https://github.com/sponsors/Hmbown"
        },
        {
          "type": "buymeacoffee",
          "url": "https://www.buymeacoffee.com/hmbown"
        }
      ],
      "hasInstallScript": true,
      "license": "MIT",
      "engines": {
        "node": ">=18"
      }
    },
    "npm/runtime-sdk": {
      "name": "@codewhale/runtime-sdk",
      "version": "0.10.1",
      "license": "MIT",
      "devDependencies": {
        "typescript": "5.9.3"
      },
      "engines": {
        "node": ">=18"
      }
    }
  }
}
